
Microsoft Visual Studio Solution File, Format Version 12.00
# Visual Studio Version 18
VisualStudioVersion = 18.8.12009.203 stable
MinimumVisualStudioVersion = 10.0.40219.1
Project("{FAE04EC0-301F-11D3-BF4B-00C04F79EFBC}") = "Auth", "Auth\Auth.csproj", "{334F3B23-EFE8-6F1A-5E5F-9A2275D56E28}"
EndProject
Project("{FAE04EC0-301F-11D3-BF4B-00C04F79EFBC}") = "CatalogService.Presentation", "CatalogService\CatalogService.Presentation.csproj", "{0FEFC3CE-5F7F-9549-B594-5C76A1B3CCA1}"
EndProject
Project("{FAE04EC0-301F-11D3-BF4B-00C04F79EFBC}") = "CatalogService.Application", "CatalogService.Application\CatalogService.Application.csproj", "{57ADB2E6-A541-EDE1-767A-EBF0EFF8CC4A}"
EndProject
Project("{FAE04EC0-301F-11D3-BF4B-00C04F79EFBC}") = "CatalogService.Domain", "CatalogService.Domain\CatalogService.Domain.csproj", "{CB4CE1A6-EAC9-F8C9-6574-211A19AB50F0}"
EndProject
Project("{FAE04EC0-301F-11D3-BF4B-00C04F79EFBC}") = "CatalogService.Infrastructure", "CatalogService.Infrastructure\CatalogService.Infrastructure.csproj", "{CBE8E8D7-09E9-8B82-B9CC-CB960A3A1BF2}"
EndProject
Project("{FAE04EC0-301F-11D3-BF4B-00C04F79EFBC}") = "EventBus.Messages", "EventBus.Messages\EventBus.Messages.csproj", "{9FE6F4F5-F390-2217-CEB9-1A35FABE9F8C}"
EndProject
Project("{FAE04EC0-301F-11D3-BF4B-00C04F79EFBC}") = "IdentityService.Presentation", "Identity\IdentityService.Presentation.csproj", "{DB637109-8189-ADB8-203D-EBBF74885970}"
EndProject
Project("{FAE04EC0-301F-11D3-BF4B-00C04F79EFBC}") = "OrderService.Presentation", "OrderService\OrderService.Presentation.csproj", "{6BCC5D4C-DCFD-F350-0302-6CEEC93FCB6D}"
EndProject
Project("{FAE04EC0-301F-11D3-BF4B-00C04F79EFBC}") = "OrderService.Application", "OrderService.Application\OrderService.Application.csproj", "{578C0631-1C95-C883-0BB5-2B92C1A3B9BE}"
EndProject
Project("{FAE04EC0-301F-11D3-BF4B-00C04F79EFBC}") = "OrderService.Domain", "OrderService.Domain\OrderService.Domain.csproj", "{AF1CF7D3-2001-7883-BFB5-93854AEEC3BF}"
EndProject
Project("{FAE04EC0-301F-11D3-BF4B-00C04F79EFBC}") = "OrderService.Infrastructure", "OrderService.Infrastructure\OrderService.Infrastructure.csproj", "{476D83EF-5FD8-B235-122D-A4EAB1F7AA52}"
EndProject
Project("{2150E333-8FDC-42A3-9474-1A3956D46DE8}") = "Src", "Src", "{02EA681E-C7D8-13C7-8484-4AC65E1B71E8}"
	ProjectSection(SolutionItems) = preProject
		docker-compose.yml = docker-compose.yml
	EndProjectSection
EndProject
Project("{2150E333-8FDC-42A3-9474-1A3956D46DE8}") = "Common", "Common", "{5BDFDB17-E029-4F32-B685-E5C2A2F8A853}"
EndProject
Project("{2150E333-8FDC-42A3-9474-1A3956D46DE8}") = "Services", "Services", "{D4B64923-7D9B-401B-9016-4384F6C227C5}"
EndProject
Project("{2150E333-8FDC-42A3-9474-1A3956D46DE8}") = "Catalog", "Catalog", "{2541699B-E426-476B-9C40-D6F1833F0B27}"
EndProject
Project("{2150E333-8FDC-42A3-9474-1A3956D46DE8}") = "Order", "Order", "{7E14F025-5450-4166-BF6C-4C84B3A2B99B}"
EndProject
Project("{2150E333-8FDC-42A3-9474-1A3956D46DE8}") = "Identity", "Identity", "{06B7EA5C-36B6-4617-BF4A-3B39F2410ADE}"
EndProject
Project("{2150E333-8FDC-42A3-9474-1A3956D46DE8}") = "IBus", "IBus", "{11F3DD13-3EE1-42CA-BA26-8FB1506B16F7}"
EndProject
Project("{2150E333-8FDC-42A3-9474-1A3956D46DE8}") = "ApiGateway", "ApiGateway", "{BDAC7894-65C9-4CE8-B2EB-9B6562152F87}"
EndProject
Project("{FAE04EC0-301F-11D3-BF4B-00C04F79EFBC}") = "IdentityService.Domain", "IdentityService.Domain\IdentityService.Domain.csproj", "{3F7A2B8F-FF96-4D9F-B6C0-E7A986B3801E}"
EndProject
Project("{FAE04EC0-301F-11D3-BF4B-00C04F79EFBC}") = "IdentityService.Application", "IdentityService.Application\IdentityService.Application.csproj", "{8F11365C-8439-46AD-9859-930DB7FD6172}"
EndProject
Project("{FAE04EC0-301F-11D3-BF4B-00C04F79EFBC}") = "IdentityService.Infrastructure", "IdentityService.Infrastructure\IdentityService.Infrastructure.csproj", "{A0D774A6-5E1E-48C1-8ECF-34346EC500AA}"
EndProject
Global
	GlobalSection(SolutionConfigurationPlatforms) = preSolution
		Debug|Any CPU = Debug|Any CPU
		Release|Any CPU = Release|Any CPU
	EndGlobalSection
	GlobalSection(ProjectConfigurationPlatforms) = postSolution
		{334F3B23-EFE8-6F1A-5E5F-9A2275D56E28}.Debug|Any CPU.ActiveCfg = Debug|Any CPU
		{334F3B23-EFE8-6F1A-5E5F-9A2275D56E28}.Debug|Any CPU.Build.0 = Debug|Any CPU
		{334F3B23-EFE8-6F1A-5E5F-9A2275D56E28}.Release|Any CPU.ActiveCfg = Release|Any CPU
		{334F3B23-EFE8-6F1A-5E5F-9A2275D56E28}.Release|Any CPU.Build.0 = Release|Any CPU
		{0FEFC3CE-5F7F-9549-B594-5C76A1B3CCA1}.Debug|Any CPU.ActiveCfg = Debug|Any CPU
		{0FEFC3CE-5F7F-9549-B594-5C76A1B3CCA1}.Debug|Any CPU.Build.0 = Debug|Any CPU
		{0FEFC3CE-5F7F-9549-B594-5C76A1B3CCA1}.Release|Any CPU.ActiveCfg = Release|Any CPU
		{0FEFC3CE-5F7F-9549-B594-5C76A1B3CCA1}.Release|Any CPU.Build.0 = Release|Any CPU
		{57ADB2E6-A541-EDE1-767A-EBF0EFF8CC4A}.Debug|Any CPU.ActiveCfg = Debug|Any CPU
		{57ADB2E6-A541-EDE1-767A-EBF0EFF8CC4A}.Debug|Any CPU.Build.0 = Debug|Any CPU
		{57ADB2E6-A541-EDE1-767A-EBF0EFF8CC4A}.Release|Any CPU.ActiveCfg = Release|Any CPU
		{57ADB2E6-A541-EDE1-767A-EBF0EFF8CC4A}.Release|Any CPU.Build.0 = Release|Any CPU
		{CB4CE1A6-EAC9-F8C9-6574-211A19AB50F0}.Debug|Any CPU.ActiveCfg = Debug|Any CPU
		{CB4CE1A6-EAC9-F8C9-6574-211A19AB50F0}.Debug|Any CPU.Build.0 = Debug|Any CPU
		{CB4CE1A6-EAC9-F8C9-6574-211A19AB50F0}.Release|Any CPU.ActiveCfg = Release|Any CPU
		{CB4CE1A6-EAC9-F8C9-6574-211A19AB50F0}.Release|Any CPU.Build.0 = Release|Any CPU
		{CBE8E8D7-09E9-8B82-B9CC-CB960A3A1BF2}.Debug|Any CPU.ActiveCfg = Debug|Any CPU
		{CBE8E8D7-09E9-8B82-B9CC-CB960A3A1BF2}.Debug|Any CPU.Build.0 = Debug|Any CPU
		{CBE8E8D7-09E9-8B82-B9CC-CB960A3A1BF2}.Release|Any CPU.ActiveCfg = Release|Any CPU
		{CBE8E8D7-09E9-8B82-B9CC-CB960A3A1BF2}.Release|Any CPU.Build.0 = Release|Any CPU
		{9FE6F4F5-F390-2217-CEB9-1A35FABE9F8C}.Debug|Any CPU.ActiveCfg = Debug|Any CPU
		{9FE6F4F5-F390-2217-CEB9-1A35FABE9F8C}.Debug|Any CPU.Build.0 = Debug|Any CPU
		{9FE6F4F5-F390-2217-CEB9-1A35FABE9F8C}.Release|Any CPU.ActiveCfg = Release|Any CPU
		{9FE6F4F5-F390-2217-CEB9-1A35FABE9F8C}.Release|Any CPU.Build.0 = Release|Any CPU
		{DB637109-8189-ADB8-203D-EBBF74885970}.Debug|Any CPU.ActiveCfg = Debug|Any CPU
		{DB637109-8189-ADB8-203D-EBBF74885970}.Debug|Any CPU.Build.0 = Debug|Any CPU
		{DB637109-8189-ADB8-203D-EBBF74885970}.Release|Any CPU.ActiveCfg = Release|Any CPU
		{DB637109-8189-ADB8-203D-EBBF74885970}.Release|Any CPU.Build.0 = Release|Any CPU
		{6BCC5D4C-DCFD-F350-0302-6CEEC93FCB6D}.Debug|Any CPU.ActiveCfg = Debug|Any CPU
		{6BCC5D4C-DCFD-F350-0302-6CEEC93FCB6D}.Debug|Any CPU.Build.0 = Debug|Any CPU
		{6BCC5D4C-DCFD-F350-0302-6CEEC93FCB6D}.Release|Any CPU.ActiveCfg = Release|Any CPU
		{6BCC5D4C-DCFD-F350-0302-6CEEC93FCB6D}.Release|Any CPU.Build.0 = Release|Any CPU
		{578C0631-1C95-C883-0BB5-2B92C1A3B9BE}.Debug|Any CPU.ActiveCfg = Debug|Any CPU
		{578C0631-1C95-C883-0BB5-2B92C1A3B9BE}.Debug|Any CPU.Build.0 = Debug|Any CPU
		{578C0631-1C95-C883-0BB5-2B92C1A3B9BE}.Release|Any CPU.ActiveCfg = Release|Any CPU
		{578C0631-1C95-C883-0BB5-2B92C1A3B9BE}.Release|Any CPU.Build.0 = Release|Any CPU
		{AF1CF7D3-2001-7883-BFB5-93854AEEC3BF}.Debug|Any CPU.ActiveCfg = Debug|Any CPU
		{AF1CF7D3-2001-7883-BFB5-93854AEEC3BF}.Debug|Any CPU.Build.0 = Debug|Any CPU
		{AF1CF7D3-2001-7883-BFB5-93854AEEC3BF}.Release|Any CPU.ActiveCfg = Release|Any CPU
		{AF1CF7D3-2001-7883-BFB5-93854AEEC3BF}.Release|Any CPU.Build.0 = Release|Any CPU
		{476D83EF-5FD8-B235-122D-A4EAB1F7AA52}.Debug|Any CPU.ActiveCfg = Debug|Any CPU
		{476D83EF-5FD8-B235-122D-A4EAB1F7AA52}.Debug|Any CPU.Build.0 = Debug|Any CPU
		{476D83EF-5FD8-B235-122D-A4EAB1F7AA52}.Release|Any CPU.ActiveCfg = Release|Any CPU
		{476D83EF-5FD8-B235-122D-A4EAB1F7AA52}.Release|Any CPU.Build.0 = Release|Any CPU
		{3F7A2B8F-FF96-4D9F-B6C0-E7A986B3801E}.Debug|Any CPU.ActiveCfg = Debug|Any CPU
		{3F7A2B8F-FF96-4D9F-B6C0-E7A986B3801E}.Debug|Any CPU.Build.0 = Debug|Any CPU
		{3F7A2B8F-FF96-4D9F-B6C0-E7A986B3801E}.Release|Any CPU.ActiveCfg = Release|Any CPU
		{3F7A2B8F-FF96-4D9F-B6C0-E7A986B3801E}.Release|Any CPU.Build.0 = Release|Any CPU
		{8F11365C-8439-46AD-9859-930DB7FD6172}.Debug|Any CPU.ActiveCfg = Debug|Any CPU
		{8F11365C-8439-46AD-9859-930DB7FD6172}.Debug|Any CPU.Build.0 = Debug|Any CPU
		{8F11365C-8439-46AD-9859-930DB7FD6172}.Release|Any CPU.ActiveCfg = Release|Any CPU
		{8F11365C-8439-46AD-9859-930DB7FD6172}.Release|Any CPU.Build.0 = Release|Any CPU
		{A0D774A6-5E1E-48C1-8ECF-34346EC500AA}.Debug|Any CPU.ActiveCfg = Debug|Any CPU
		{A0D774A6-5E1E-48C1-8ECF-34346EC500AA}.Debug|Any CPU.Build.0 = Debug|Any CPU
		{A0D774A6-5E1E-48C1-8ECF-34346EC500AA}.Release|Any CPU.ActiveCfg = Release|Any CPU
		{A0D774A6-5E1E-48C1-8ECF-34346EC500AA}.Release|Any CPU.Build.0 = Release|Any CPU
	EndGlobalSection
	GlobalSection(SolutionProperties) = preSolution
		HideSolutionNode = FALSE
	EndGlobalSection
	GlobalSection(NestedProjects) = preSolution
		{334F3B23-EFE8-6F1A-5E5F-9A2275D56E28} = {5BDFDB17-E029-4F32-B685-E5C2A2F8A853}
		{0FEFC3CE-5F7F-9549-B594-5C76A1B3CCA1} = {2541699B-E426-476B-9C40-D6F1833F0B27}
		{57ADB2E6-A541-EDE1-767A-EBF0EFF8CC4A} = {2541699B-E426-476B-9C40-D6F1833F0B27}
		{CB4CE1A6-EAC9-F8C9-6574-211A19AB50F0} = {2541699B-E426-476B-9C40-D6F1833F0B27}
		{CBE8E8D7-09E9-8B82-B9CC-CB960A3A1BF2} = {2541699B-E426-476B-9C40-D6F1833F0B27}
		{9FE6F4F5-F390-2217-CEB9-1A35FABE9F8C} = {11F3DD13-3EE1-42CA-BA26-8FB1506B16F7}
		{DB637109-8189-ADB8-203D-EBBF74885970} = {06B7EA5C-36B6-4617-BF4A-3B39F2410ADE}
		{6BCC5D4C-DCFD-F350-0302-6CEEC93FCB6D} = {7E14F025-5450-4166-BF6C-4C84B3A2B99B}
		{578C0631-1C95-C883-0BB5-2B92C1A3B9BE} = {7E14F025-5450-4166-BF6C-4C84B3A2B99B}
		{AF1CF7D3-2001-7883-BFB5-93854AEEC3BF} = {7E14F025-5450-4166-BF6C-4C84B3A2B99B}
		{476D83EF-5FD8-B235-122D-A4EAB1F7AA52} = {7E14F025-5450-4166-BF6C-4C84B3A2B99B}
		{5BDFDB17-E029-4F32-B685-E5C2A2F8A853} = {02EA681E-C7D8-13C7-8484-4AC65E1B71E8}
		{D4B64923-7D9B-401B-9016-4384F6C227C5} = {02EA681E-C7D8-13C7-8484-4AC65E1B71E8}
		{2541699B-E426-476B-9C40-D6F1833F0B27} = {D4B64923-7D9B-401B-9016-4384F6C227C5}
		{7E14F025-5450-4166-BF6C-4C84B3A2B99B} = {D4B64923-7D9B-401B-9016-4384F6C227C5}
		{06B7EA5C-36B6-4617-BF4A-3B39F2410ADE} = {D4B64923-7D9B-401B-9016-4384F6C227C5}
		{11F3DD13-3EE1-42CA-BA26-8FB1506B16F7} = {D4B64923-7D9B-401B-9016-4384F6C227C5}
		{BDAC7894-65C9-4CE8-B2EB-9B6562152F87} = {D4B64923-7D9B-401B-9016-4384F6C227C5}
		{3F7A2B8F-FF96-4D9F-B6C0-E7A986B3801E} = {06B7EA5C-36B6-4617-BF4A-3B39F2410ADE}
		{8F11365C-8439-46AD-9859-930DB7FD6172} = {06B7EA5C-36B6-4617-BF4A-3B39F2410ADE}
		{A0D774A6-5E1E-48C1-8ECF-34346EC500AA} = {06B7EA5C-36B6-4617-BF4A-3B39F2410ADE}
	EndGlobalSection
	GlobalSection(ExtensibilityGlobals) = postSolution
		SolutionGuid = {B8F9E083-CD55-48A0-A5D6-10753F645959}
	EndGlobalSection
EndGlobal
